
Microsoft Visual Studio Solution File, Format Version 12.00
# Visual Studio 15
VisualStudioVersion = 15.0.26430.14
MinimumVisualStudioVersion = 10.0.40219.1
Project("{FAE04EC0-301F-11D3-BF4B-00C04F79EFBC}") = "ExtractEmails", "ExtractEmails\ExtractEmails.csproj", "{E93CCC49-AB98-48AF-A7EE-4E528CBCC7A7}"
EndProject
Project("{FAE04EC0-301F-11D3-BF4B-00C04F79EFBC}") = "ExtractSentencesByKeyword", "ExtractSentencesByKeyword\ExtractSentencesByKeyword.csproj", "{C1C881F4-3548-446C-A483-07732F6BCE42}"
EndProject
Project("{FAE04EC0-301F-11D3-BF4B-00C04F79EFBC}") = "Weather", "Weather\Weather.csproj", "{8CBB9A8C-A51D-46BF-BDB1-DC06ECD8FF8D}"
EndProject
Project("{FAE04EC0-301F-11D3-BF4B-00C04F79EFBC}") = "UseYourChainsBuddy", "UseYourChainsBuddy\UseYourChainsBuddy.csproj", "{D44D4865-D6AB-47C9-B901-9D41CDDB70FD}"
EndProject
Project("{FAE04EC0-301F-11D3-BF4B-00C04F79EFBC}") = "CameraView", "CameraView\CameraView.csproj", "{B718BD76-EAC9-4BCB-83E9-0AE91CBDE793}"
EndProject
Project("{FAE04EC0-301F-11D3-BF4B-00C04F79EFBC}") = "KeyReplacer", "KeyReplacer\KeyReplacer.csproj", "{9F1D647D-4889-4B3D-A277-C15A2FBCBB0F}"
EndProject
Project("{FAE04EC0-301F-11D3-BF4B-00C04F79EFBC}") = "ValidUsernames", "ValidUsernames\ValidUsernames.csproj", "{B864BB11-A475-4060-BEAA-A3C9CFB6EB3A}"
EndProject
Project("{FAE04EC0-301F-11D3-BF4B-00C04F79EFBC}") = "QueryMess", "QueryMess\QueryMess.csproj", "{FA23E8A4-DFC0-4458-8C03-940176B0E19A}"
EndProject
Global
	GlobalSection(SolutionConfigurationPlatforms) = preSolution
		Debug|Any CPU = Debug|Any CPU
		Release|Any CPU = Release|Any CPU
	EndGlobalSection
	GlobalSection(ProjectConfigurationPlatforms) = postSolution
		{E93CCC49-AB98-48AF-A7EE-4E528CBCC7A7}.Debug|Any CPU.ActiveCfg = Debug|Any CPU
		{E93CCC49-AB98-48AF-A7EE-4E528CBCC7A7}.Debug|Any CPU.Build.0 = Debug|Any CPU
		{E93CCC49-AB98-48AF-A7EE-4E528CBCC7A7}.Release|Any CPU.ActiveCfg = Release|Any CPU
		{E93CCC49-AB98-48AF-A7EE-4E528CBCC7A7}.Release|Any CPU.Build.0 = Release|Any CPU
		{C1C881F4-3548-446C-A483-07732F6BCE42}.Debug|Any CPU.ActiveCfg = Debug|Any CPU
		{C1C881F4-3548-446C-A483-07732F6BCE42}.Debug|Any CPU.Build.0 = Debug|Any CPU
		{C1C881F4-3548-446C-A483-07732F6BCE42}.Release|Any CPU.ActiveCfg = Release|Any CPU
		{C1C881F4-3548-446C-A483-07732F6BCE42}.Release|Any CPU.Build.0 = Release|Any CPU
		{8CBB9A8C-A51D-46BF-BDB1-DC06ECD8FF8D}.Debug|Any CPU.ActiveCfg = Debug|Any CPU
		{8CBB9A8C-A51D-46BF-BDB1-DC06ECD8FF8D}.Debug|Any CPU.Build.0 = Debug|Any CPU
		{8CBB9A8C-A51D-46BF-BDB1-DC06ECD8FF8D}.Release|Any CPU.ActiveCfg = Release|Any CPU
		{8CBB9A8C-A51D-46BF-BDB1-DC06ECD8FF8D}.Release|Any CPU.Build.0 = Release|Any CPU
		{D44D4865-D6AB-47C9-B901-9D41CDDB70FD}.Debug|Any CPU.ActiveCfg = Debug|Any CPU
		{D44D4865-D6AB-47C9-B901-9D41CDDB70FD}.Debug|Any CPU.Build.0 = Debug|Any CPU
		{D44D4865-D6AB-47C9-B901-9D41CDDB70FD}.Release|Any CPU.ActiveCfg = Release|Any CPU
		{D44D4865-D6AB-47C9-B901-9D41CDDB70FD}.Release|Any CPU.Build.0 = Release|Any CPU
		{B718BD76-EAC9-4BCB-83E9-0AE91CBDE793}.Debug|Any CPU.ActiveCfg = Debug|Any CPU
		{B718BD76-EAC9-4BCB-83E9-0AE91CBDE793}.Debug|Any CPU.Build.0 = Debug|Any CPU
		{B718BD76-EAC9-4BCB-83E9-0AE91CBDE793}.Release|Any CPU.ActiveCfg = Release|Any CPU
		{B718BD76-EAC9-4BCB-83E9-0AE91CBDE793}.Release|Any CPU.Build.0 = Release|Any CPU
		{9F1D647D-4889-4B3D-A277-C15A2FBCBB0F}.Debug|Any CPU.ActiveCfg = Debug|Any CPU
		{9F1D647D-4889-4B3D-A277-C15A2FBCBB0F}.Debug|Any CPU.Build.0 = Debug|Any CPU
		{9F1D647D-4889-4B3D-A277-C15A2FBCBB0F}.Release|Any CPU.ActiveCfg = Release|Any CPU
		{9F1D647D-4889-4B3D-A277-C15A2FBCBB0F}.Release|Any CPU.Build.0 = Release|Any CPU
		{B864BB11-A475-4060-BEAA-A3C9CFB6EB3A}.Debug|Any CPU.ActiveCfg = Debug|Any CPU
		{B864BB11-A475-4060-BEAA-A3C9CFB6EB3A}.Debug|Any CPU.Build.0 = Debug|Any CPU
		{B864BB11-A475-4060-BEAA-A3C9CFB6EB3A}.Release|Any CPU.ActiveCfg = Release|Any CPU
		{B864BB11-A475-4060-BEAA-A3C9CFB6EB3A}.Release|Any CPU.Build.0 = Release|Any CPU
		{FA23E8A4-DFC0-4458-8C03-940176B0E19A}.Debug|Any CPU.ActiveCfg = Debug|Any CPU
		{FA23E8A4-DFC0-4458-8C03-940176B0E19A}.Debug|Any CPU.Build.0 = Debug|Any CPU
		{FA23E8A4-DFC0-4458-8C03-940176B0E19A}.Release|Any CPU.ActiveCfg = Release|Any CPU
		{FA23E8A4-DFC0-4458-8C03-940176B0E19A}.Release|Any CPU.Build.0 = Release|Any CPU
	EndGlobalSection
	GlobalSection(SolutionProperties) = preSolution
		HideSolutionNode = FALSE
	EndGlobalSection
EndGlobal
